
Microsoft Visual Studio Solution File, Format Version 12.00
# Visual Studio Version 16
VisualStudioVersion = 16.0.29920.165
MinimumVisualStudioVersion = 10.0.40219.1
Project("{FAE04EC0-301F-11D3-BF4B-00C04F79EFBC}") = "Fais1", "Fais1\Fais1.csproj", "{A903055F-A6CB-4FA6-AD91-88529D9B2134}"
EndProject
Global
	GlobalSection(SolutionConfigurationPlatforms) = preSolution
		Debug|Any CPU = Debug|Any CPU
		Release|Any CPU = Release|Any CPU
	EndGlobalSection
	GlobalSection(ProjectConfigurationPlatforms) = postSolution
		{A903055F-A6CB-4FA6-AD91-88529D9B2134}.Debug|Any CPU.ActiveCfg = Debug|Any CPU
		{A903055F-A6CB-4FA6-AD91-88529D9B2134}.Debug|Any CPU.Build.0 = Debug|Any CPU
		{A903055F-A6CB-4FA6-AD91-88529D9B2134}.Release|Any CPU.ActiveCfg = Release|Any CPU
		{A903055F-A6CB-4FA6-AD91-88529D9B2134}.Release|Any CPU.Build.0 = Release|Any CPU
	EndGlobalSection
	GlobalSection(SolutionProperties) = preSolution
		HideSolutionNode = FALSE
	EndGlobalSection
	GlobalSection(ExtensibilityGlobals) = postSolution
		SolutionGuid = {D804D1C1-9D02-4747-98F1-7B742A6D87DD}
	EndGlobalSection
EndGlobal
